
Microsoft Visual Studio Solution File, Format Version 12.00
# Visual Studio Version 17
VisualStudioVersion = 17.7.34031.279
MinimumVisualStudioVersion = 10.0.40219.1
Project("{FAE04EC0-301F-11D3-BF4B-00C04F79EFBC}") = "AbstractFactory", "AbstractFactory\AbstractFactory.csproj", "{87A4D7E2-DEF5-46C9-ABF8-CA2C2ECC8F65}"
EndProject
Global
	GlobalSection(SolutionConfigurationPlatforms) = preSolution
		Debug|Any CPU = Debug|Any CPU
		Release|Any CPU = Release|Any CPU
	EndGlobalSection
	GlobalSection(ProjectConfigurationPlatforms) = postSolution
		{87A4D7E2-DEF5-46C9-ABF8-CA2C2ECC8F65}.Debug|Any CPU.ActiveCfg = Debug|Any CPU
		{87A4D7E2-DEF5-46C9-ABF8-CA2C2ECC8F65}.Debug|Any CPU.Build.0 = Debug|Any CPU
		{87A4D7E2-DEF5-46C9-ABF8-CA2C2ECC8F65}.Release|Any CPU.ActiveCfg = Release|Any CPU
		{87A4D7E2-DEF5-46C9-ABF8-CA2C2ECC8F65}.Release|Any CPU.Build.0 = Release|Any CPU
	EndGlobalSection
	GlobalSection(SolutionProperties) = preSolution
		HideSolutionNode = FALSE
	EndGlobalSection
	GlobalSection(ExtensibilityGlobals) = postSolution
		SolutionGuid = {21627F5F-DB1E-4FC8-B148-7FAE6842D189}
	EndGlobalSection
EndGlobal
